
Microsoft Visual Studio Solution File, Format Version 12.00
# Visual Studio Version 17
VisualStudioVersion = 17.7.34202.233
MinimumVisualStudioVersion = 10.0.40219.1
Project("{FAE04EC0-301F-11D3-BF4B-00C04F79EFBC}") = "BankSystem", "BankSystem\BankSystem.csproj", "{40674947-7038-43FA-B3B6-E10E0BB216BD}"
EndProject
Global
	GlobalSection(SolutionConfigurationPlatforms) = preSolution
		Debug|Any CPU = Debug|Any CPU
		Release|Any CPU = Release|Any CPU
	EndGlobalSection
	GlobalSection(ProjectConfigurationPlatforms) = postSolution
		{40674947-7038-43FA-B3B6-E10E0BB216BD}.Debug|Any CPU.ActiveCfg = Debug|Any CPU
		{40674947-7038-43FA-B3B6-E10E0BB216BD}.Debug|Any CPU.Build.0 = Debug|Any CPU
		{40674947-7038-43FA-B3B6-E10E0BB216BD}.Release|Any CPU.ActiveCfg = Release|Any CPU
		{40674947-7038-43FA-B3B6-E10E0BB216BD}.Release|Any CPU.Build.0 = Release|Any CPU
	EndGlobalSection
	GlobalSection(SolutionProperties) = preSolution
		HideSolutionNode = FALSE
	EndGlobalSection
	GlobalSection(ExtensibilityGlobals) = postSolution
		SolutionGuid = {30B17765-EB1E-4E0F-B06F-FDD86A5AF090}
	EndGlobalSection
EndGlobal
